{
  "version": 4,
  "terraform_version": "1.7.4",
  "serial": 35,
  "lineage": "1ee6cad3-4ddb-6c60-4ae3-35fd5135b85e",
  "outputs": {
    "security_groups": {
      "value": {
        "security": "sg-07037a5db62bccbfe"
      },
      "type": [
        "object",
        {
          "security": "string"
        }
      ]
    },
    "vpc": {
      "value": {
        "private_subnets": [
          "subnet-067342902aaeaf186",
          "subnet-04a313b18fca45f05",
          "subnet-0b6ab070a041572b7"
        ],
        "public_subnets": [
          "subnet-02a0d4b2540712924",
          "subnet-0387d23a23198cfd3",
          "subnet-036ea589872bff622"
        ],
        "vpc_id": "vpc-067a5a0ad94b43aeb"
      },
      "type": [
        "object",
        {
          "private_subnets": [
            "tuple",
            [
              "string",
              "string",
              "string"
            ]
          ],
          "public_subnets": [
            "tuple",
            [
              "string",
              "string",
              "string"
            ]
          ],
          "vpc_id": "string"
        }
      ]
    }
  },
  "resources": [
    {
      "module": "module.security",
      "mode": "managed",
      "type": "aws_security_group",
      "name": "project",
      "provider": "provider[\"registry.terraform.io/hashicorp/aws\"]",
      "instances": [
        {
          "schema_version": 1,
          "attributes": {
            "arn": "arn:aws:ec2:eu-west-2:992382585872:security-group/sg-07037a5db62bccbfe",
            "description": "Project security group",
            "egress": [],
            "id": "sg-07037a5db62bccbfe",
            "ingress": [],
            "name": "project",
            "name_prefix": "",
            "owner_id": "992382585872",
            "revoke_rules_on_delete": false,
            "tags": null,
            "tags_all": {},
            "timeouts": null,
            "vpc_id": "vpc-067a5a0ad94b43aeb"
          },
          "sensitive_attributes": [],
          "private": "eyJlMmJmYjczMC1lY2FhLTExZTYtOGY4OC0zNDM2M2JjN2M0YzAiOnsiY3JlYXRlIjo2MDAwMDAwMDAwMDAsImRlbGV0ZSI6OTAwMDAwMDAwMDAwfSwic2NoZW1hX3ZlcnNpb24iOiIxIn0=",
          "dependencies": [
            "module.vpc.aws_vpc.main"
          ]
        }
      ]
    },
    {
      "module": "module.security",
      "mode": "managed",
      "type": "aws_security_group_rule",
      "name": "allow_egress",
      "provider": "provider[\"registry.terraform.io/hashicorp/aws\"]",
      "instances": [
        {
          "schema_version": 2,
          "attributes": {
            "cidr_blocks": [
              "0.0.0.0/0"
            ],
            "description": null,
            "from_port": 0,
            "id": "sgrule-1076117306",
            "ipv6_cidr_blocks": [
              "::/0"
            ],
            "prefix_list_ids": null,
            "protocol": "tcp",
            "security_group_id": "sg-07037a5db62bccbfe",
            "security_group_rule_id": "",
            "self": false,
            "source_security_group_id": null,
            "timeouts": null,
            "to_port": 65535,
            "type": "egress"
          },
          "sensitive_attributes": [],
          "private": "eyJlMmJmYjczMC1lY2FhLTExZTYtOGY4OC0zNDM2M2JjN2M0YzAiOnsiY3JlYXRlIjozMDAwMDAwMDAwMDB9LCJzY2hlbWFfdmVyc2lvbiI6IjIifQ==",
          "dependencies": [
            "module.security.aws_security_group.project",
            "module.vpc.aws_vpc.main"
          ]
        }
      ]
    },
    {
      "module": "module.security",
      "mode": "managed",
      "type": "aws_vpc_security_group_egress_rule",
      "name": "outgoing_ipv4",
      "provider": "provider[\"registry.terraform.io/hashicorp/aws\"]",
      "instances": [
        {
          "schema_version": 0,
          "attributes": {
            "arn": "arn:aws:ec2:eu-west-2:992382585872:security-group-rule/sgr-0ceca24474b43afc3",
            "cidr_ipv4": "0.0.0.0/0",
            "cidr_ipv6": null,
            "description": null,
            "from_port": null,
            "id": "sgr-0ceca24474b43afc3",
            "ip_protocol": "-1",
            "prefix_list_id": null,
            "referenced_security_group_id": null,
            "security_group_id": "sg-07037a5db62bccbfe",
            "security_group_rule_id": "sgr-0ceca24474b43afc3",
            "tags": null,
            "tags_all": {},
            "to_port": null
          },
          "sensitive_attributes": [],
          "dependencies": [
            "module.security.aws_security_group.project",
            "module.vpc.aws_vpc.main"
          ]
        }
      ]
    },
    {
      "module": "module.security",
      "mode": "managed",
      "type": "aws_vpc_security_group_egress_rule",
      "name": "outgoing_ipv6",
      "provider": "provider[\"registry.terraform.io/hashicorp/aws\"]",
      "instances": [
        {
          "schema_version": 0,
          "attributes": {
            "arn": "arn:aws:ec2:eu-west-2:992382585872:security-group-rule/sgr-084058e2723490fa7",
            "cidr_ipv4": null,
            "cidr_ipv6": "::/0",
            "description": null,
            "from_port": null,
            "id": "sgr-084058e2723490fa7",
            "ip_protocol": "-1",
            "prefix_list_id": null,
            "referenced_security_group_id": null,
            "security_group_id": "sg-07037a5db62bccbfe",
            "security_group_rule_id": "sgr-084058e2723490fa7",
            "tags": null,
            "tags_all": {},
            "to_port": null
          },
          "sensitive_attributes": [],
          "dependencies": [
            "module.security.aws_security_group.project",
            "module.vpc.aws_vpc.main"
          ]
        }
      ]
    },
    {
      "module": "module.security",
      "mode": "managed",
      "type": "aws_vpc_security_group_ingress_rule",
      "name": "project_customport_ipv6",
      "provider": "provider[\"registry.terraform.io/hashicorp/aws\"]",
      "instances": [
        {
          "schema_version": 0,
          "attributes": {
            "arn": "arn:aws:ec2:eu-west-2:992382585872:security-group-rule/sgr-0e46b66722639465e",
            "cidr_ipv4": null,
            "cidr_ipv6": "::/0",
            "description": null,
            "from_port": 3000,
            "id": "sgr-0e46b66722639465e",
            "ip_protocol": "tcp",
            "prefix_list_id": null,
            "referenced_security_group_id": null,
            "security_group_id": "sg-07037a5db62bccbfe",
            "security_group_rule_id": "sgr-0e46b66722639465e",
            "tags": null,
            "tags_all": {},
            "to_port": 3000
          },
          "sensitive_attributes": [],
          "dependencies": [
            "module.security.aws_security_group.project",
            "module.vpc.aws_vpc.main"
          ]
        }
      ]
    },
    {
      "module": "module.security",
      "mode": "managed",
      "type": "aws_vpc_security_group_ingress_rule",
      "name": "project_http_ipv4",
      "provider": "provider[\"registry.terraform.io/hashicorp/aws\"]",
      "instances": [
        {
          "schema_version": 0,
          "attributes": {
            "arn": "arn:aws:ec2:eu-west-2:992382585872:security-group-rule/sgr-0260ed145fd8b98c7",
            "cidr_ipv4": "0.0.0.0/0",
            "cidr_ipv6": null,
            "description": null,
            "from_port": 80,
            "id": "sgr-0260ed145fd8b98c7",
            "ip_protocol": "tcp",
            "prefix_list_id": null,
            "referenced_security_group_id": null,
            "security_group_id": "sg-07037a5db62bccbfe",
            "security_group_rule_id": "sgr-0260ed145fd8b98c7",
            "tags": null,
            "tags_all": {},
            "to_port": 80
          },
          "sensitive_attributes": [],
          "dependencies": [
            "module.security.aws_security_group.project",
            "module.vpc.aws_vpc.main"
          ]
        }
      ]
    },
    {
      "module": "module.security",
      "mode": "managed",
      "type": "aws_vpc_security_group_ingress_rule",
      "name": "project_http_ipv6",
      "provider": "provider[\"registry.terraform.io/hashicorp/aws\"]",
      "instances": [
        {
          "schema_version": 0,
          "attributes": {
            "arn": "arn:aws:ec2:eu-west-2:992382585872:security-group-rule/sgr-0b988ba62e37e5e1b",
            "cidr_ipv4": null,
            "cidr_ipv6": "::/0",
            "description": null,
            "from_port": 80,
            "id": "sgr-0b988ba62e37e5e1b",
            "ip_protocol": "tcp",
            "prefix_list_id": null,
            "referenced_security_group_id": null,
            "security_group_id": "sg-07037a5db62bccbfe",
            "security_group_rule_id": "sgr-0b988ba62e37e5e1b",
            "tags": null,
            "tags_all": {},
            "to_port": 80
          },
          "sensitive_attributes": [],
          "dependencies": [
            "module.security.aws_security_group.project",
            "module.vpc.aws_vpc.main"
          ]
        }
      ]
    },
    {
      "module": "module.security",
      "mode": "managed",
      "type": "aws_vpc_security_group_ingress_rule",
      "name": "project_port_ipv4",
      "provider": "provider[\"registry.terraform.io/hashicorp/aws\"]",
      "instances": [
        {
          "schema_version": 0,
          "attributes": {
            "arn": "arn:aws:ec2:eu-west-2:992382585872:security-group-rule/sgr-0b6f82053b33f007b",
            "cidr_ipv4": "0.0.0.0/0",
            "cidr_ipv6": null,
            "description": null,
            "from_port": 3000,
            "id": "sgr-0b6f82053b33f007b",
            "ip_protocol": "tcp",
            "prefix_list_id": null,
            "referenced_security_group_id": null,
            "security_group_id": "sg-07037a5db62bccbfe",
            "security_group_rule_id": "sgr-0b6f82053b33f007b",
            "tags": null,
            "tags_all": {},
            "to_port": 3000
          },
          "sensitive_attributes": [],
          "dependencies": [
            "module.security.aws_security_group.project",
            "module.vpc.aws_vpc.main"
          ]
        }
      ]
    },
    {
      "module": "module.security",
      "mode": "managed",
      "type": "aws_vpc_security_group_ingress_rule",
      "name": "ssh",
      "provider": "provider[\"registry.terraform.io/hashicorp/aws\"]",
      "instances": [
        {
          "schema_version": 0,
          "attributes": {
            "arn": "arn:aws:ec2:eu-west-2:992382585872:security-group-rule/sgr-0cfcff4c999dd98ed",
            "cidr_ipv4": "0.0.0.0/0",
            "cidr_ipv6": null,
            "description": null,
            "from_port": 22,
            "id": "sgr-0cfcff4c999dd98ed",
            "ip_protocol": "tcp",
            "prefix_list_id": null,
            "referenced_security_group_id": null,
            "security_group_id": "sg-07037a5db62bccbfe",
            "security_group_rule_id": "sgr-0cfcff4c999dd98ed",
            "tags": null,
            "tags_all": {},
            "to_port": 22
          },
          "sensitive_attributes": [],
          "dependencies": [
            "module.security.aws_security_group.project",
            "module.vpc.aws_vpc.main"
          ]
        }
      ]
    },
    {
      "module": "module.vpc",
      "mode": "managed",
      "type": "aws_eip",
      "name": "private_eip",
      "provider": "provider[\"registry.terraform.io/hashicorp/aws\"]",
      "instances": [
        {
          "index_key": 0,
          "schema_version": 0,
          "attributes": {
            "address": null,
            "allocation_id": "eipalloc-0f429e4bfa1b0339a",
            "associate_with_private_ip": null,
            "association_id": "eipassoc-0f39924eb3a06ecce",
            "carrier_ip": "",
            "customer_owned_ip": "",
            "customer_owned_ipv4_pool": "",
            "domain": "vpc",
            "id": "eipalloc-0f429e4bfa1b0339a",
            "instance": "",
            "network_border_group": "eu-west-2",
            "network_interface": "eni-0f9005c44b8cbf4ab",
            "private_dns": "ip-10-0-0-151.eu-west-2.compute.internal",
            "private_ip": "10.0.0.151",
            "public_dns": "ec2-3-10-128-25.eu-west-2.compute.amazonaws.com",
            "public_ip": "3.10.128.25",
            "public_ipv4_pool": "amazon",
            "tags": {
              "Name": "privateproject_vpc, 0"
            },
            "tags_all": {
              "Name": "privateproject_vpc, 0"
            },
            "timeouts": null,
            "vpc": true
          },
          "sensitive_attributes": [],
          "private": "eyJlMmJmYjczMC1lY2FhLTExZTYtOGY4OC0zNDM2M2JjN2M0YzAiOnsiZGVsZXRlIjoxODAwMDAwMDAwMDAsInJlYWQiOjkwMDAwMDAwMDAwMCwidXBkYXRlIjozMDAwMDAwMDAwMDB9fQ=="
        },
        {
          "index_key": 1,
          "schema_version": 0,
          "attributes": {
            "address": null,
            "allocation_id": "eipalloc-02a97b8d743fd6573",
            "associate_with_private_ip": null,
            "association_id": "eipassoc-0c4d9778b840f8187",
            "carrier_ip": "",
            "customer_owned_ip": "",
            "customer_owned_ipv4_pool": "",
            "domain": "vpc",
            "id": "eipalloc-02a97b8d743fd6573",
            "instance": "",
            "network_border_group": "eu-west-2",
            "network_interface": "eni-003d43438023c282b",
            "private_dns": "ip-10-0-1-201.eu-west-2.compute.internal",
            "private_ip": "10.0.1.201",
            "public_dns": "ec2-13-41-100-102.eu-west-2.compute.amazonaws.com",
            "public_ip": "13.41.100.102",
            "public_ipv4_pool": "amazon",
            "tags": {
              "Name": "privateproject_vpc, 1"
            },
            "tags_all": {
              "Name": "privateproject_vpc, 1"
            },
            "timeouts": null,
            "vpc": true
          },
          "sensitive_attributes": [],
          "private": "eyJlMmJmYjczMC1lY2FhLTExZTYtOGY4OC0zNDM2M2JjN2M0YzAiOnsiZGVsZXRlIjoxODAwMDAwMDAwMDAsInJlYWQiOjkwMDAwMDAwMDAwMCwidXBkYXRlIjozMDAwMDAwMDAwMDB9fQ=="
        },
        {
          "index_key": 2,
          "schema_version": 0,
          "attributes": {
            "address": null,
            "allocation_id": "eipalloc-08d865fbca06a3896",
            "associate_with_private_ip": null,
            "association_id": "eipassoc-0415f052595bbd1f4",
            "carrier_ip": "",
            "customer_owned_ip": "",
            "customer_owned_ipv4_pool": "",
            "domain": "vpc",
            "id": "eipalloc-08d865fbca06a3896",
            "instance": "",
            "network_border_group": "eu-west-2",
            "network_interface": "eni-059b26217e28e72c6",
            "private_dns": "ip-10-0-2-71.eu-west-2.compute.internal",
            "private_ip": "10.0.2.71",
            "public_dns": "ec2-18-168-232-193.eu-west-2.compute.amazonaws.com",
            "public_ip": "18.168.232.193",
            "public_ipv4_pool": "amazon",
            "tags": {
              "Name": "privateproject_vpc, 2"
            },
            "tags_all": {
              "Name": "privateproject_vpc, 2"
            },
            "timeouts": null,
            "vpc": true
          },
          "sensitive_attributes": [],
          "private": "eyJlMmJmYjczMC1lY2FhLTExZTYtOGY4OC0zNDM2M2JjN2M0YzAiOnsiZGVsZXRlIjoxODAwMDAwMDAwMDAsInJlYWQiOjkwMDAwMDAwMDAwMCwidXBkYXRlIjozMDAwMDAwMDAwMDB9fQ=="
        }
      ]
    },
    {
      "module": "module.vpc",
      "mode": "managed",
      "type": "aws_internet_gateway",
      "name": "igw",
      "provider": "provider[\"registry.terraform.io/hashicorp/aws\"]",
      "instances": [
        {
          "schema_version": 0,
          "attributes": {
            "arn": "arn:aws:ec2:eu-west-2:992382585872:internet-gateway/igw-0bec0e22a06ca0661",
            "id": "igw-0bec0e22a06ca0661",
            "owner_id": "992382585872",
            "tags": {
              "Name": "project_vpc-igw"
            },
            "tags_all": {
              "Name": "project_vpc-igw"
            },
            "timeouts": null,
            "vpc_id": "vpc-067a5a0ad94b43aeb"
          },
          "sensitive_attributes": [],
          "private": "eyJlMmJmYjczMC1lY2FhLTExZTYtOGY4OC0zNDM2M2JjN2M0YzAiOnsiY3JlYXRlIjoxMjAwMDAwMDAwMDAwLCJkZWxldGUiOjEyMDAwMDAwMDAwMDAsInVwZGF0ZSI6MTIwMDAwMDAwMDAwMH19",
          "dependencies": [
            "module.vpc.aws_vpc.main"
          ]
        }
      ]
    },
    {
      "module": "module.vpc",
      "mode": "managed",
      "type": "aws_nat_gateway",
      "name": "privatenat",
      "provider": "provider[\"registry.terraform.io/hashicorp/aws\"]",
      "instances": [
        {
          "index_key": 0,
          "schema_version": 0,
          "attributes": {
            "allocation_id": "eipalloc-0f429e4bfa1b0339a",
            "association_id": "eipassoc-0f39924eb3a06ecce",
            "connectivity_type": "public",
            "id": "nat-0b7fb2ec8b9fc6e48",
            "network_interface_id": "eni-0f9005c44b8cbf4ab",
            "private_ip": "10.0.0.151",
            "public_ip": "3.10.128.25",
            "secondary_allocation_ids": [],
            "secondary_private_ip_address_count": 0,
            "secondary_private_ip_addresses": [],
            "subnet_id": "subnet-02a0d4b2540712924",
            "tags": {
              "Name": "private0"
            },
            "tags_all": {
              "Name": "private0"
            },
            "timeouts": null
          },
          "sensitive_attributes": [],
          "private": "eyJlMmJmYjczMC1lY2FhLTExZTYtOGY4OC0zNDM2M2JjN2M0YzAiOnsiY3JlYXRlIjo2MDAwMDAwMDAwMDAsImRlbGV0ZSI6MTgwMDAwMDAwMDAwMCwidXBkYXRlIjo2MDAwMDAwMDAwMDB9fQ==",
          "dependencies": [
            "module.vpc.aws_eip.private_eip",
            "module.vpc.aws_subnet.public",
            "module.vpc.aws_vpc.main"
          ]
        },
        {
          "index_key": 1,
          "schema_version": 0,
          "attributes": {
            "allocation_id": "eipalloc-02a97b8d743fd6573",
            "association_id": "eipassoc-0c4d9778b840f8187",
            "connectivity_type": "public",
            "id": "nat-006e7a37a0f245e52",
            "network_interface_id": "eni-003d43438023c282b",
            "private_ip": "10.0.1.201",
            "public_ip": "13.41.100.102",
            "secondary_allocation_ids": [],
            "secondary_private_ip_address_count": 0,
            "secondary_private_ip_addresses": [],
            "subnet_id": "subnet-0387d23a23198cfd3",
            "tags": {
              "Name": "private1"
            },
            "tags_all": {
              "Name": "private1"
            },
            "timeouts": null
          },
          "sensitive_attributes": [],
          "private": "eyJlMmJmYjczMC1lY2FhLTExZTYtOGY4OC0zNDM2M2JjN2M0YzAiOnsiY3JlYXRlIjo2MDAwMDAwMDAwMDAsImRlbGV0ZSI6MTgwMDAwMDAwMDAwMCwidXBkYXRlIjo2MDAwMDAwMDAwMDB9fQ==",
          "dependencies": [
            "module.vpc.aws_eip.private_eip",
            "module.vpc.aws_subnet.public",
            "module.vpc.aws_vpc.main"
          ]
        },
        {
          "index_key": 2,
          "schema_version": 0,
          "attributes": {
            "allocation_id": "eipalloc-08d865fbca06a3896",
            "association_id": "eipassoc-0415f052595bbd1f4",
            "connectivity_type": "public",
            "id": "nat-0582f566fe5065572",
            "network_interface_id": "eni-059b26217e28e72c6",
            "private_ip": "10.0.2.71",
            "public_ip": "18.168.232.193",
            "secondary_allocation_ids": [],
            "secondary_private_ip_address_count": 0,
            "secondary_private_ip_addresses": [],
            "subnet_id": "subnet-036ea589872bff622",
            "tags": {
              "Name": "private2"
            },
            "tags_all": {
              "Name": "private2"
            },
            "timeouts": null
          },
          "sensitive_attributes": [],
          "private": "eyJlMmJmYjczMC1lY2FhLTExZTYtOGY4OC0zNDM2M2JjN2M0YzAiOnsiY3JlYXRlIjo2MDAwMDAwMDAwMDAsImRlbGV0ZSI6MTgwMDAwMDAwMDAwMCwidXBkYXRlIjo2MDAwMDAwMDAwMDB9fQ==",
          "dependencies": [
            "module.vpc.aws_eip.private_eip",
            "module.vpc.aws_subnet.public",
            "module.vpc.aws_vpc.main"
          ]
        }
      ]
    },
    {
      "module": "module.vpc",
      "mode": "managed",
      "type": "aws_route",
      "name": "public_internet_gateway",
      "provider": "provider[\"registry.terraform.io/hashicorp/aws\"]",
      "instances": [
        {
          "schema_version": 0,
          "attributes": {
            "carrier_gateway_id": "",
            "core_network_arn": "",
            "destination_cidr_block": "0.0.0.0/0",
            "destination_ipv6_cidr_block": "",
            "destination_prefix_list_id": "",
            "egress_only_gateway_id": "",
            "gateway_id": "igw-0bec0e22a06ca0661",
            "id": "r-rtb-015207c84e3f642811080289494",
            "instance_id": "",
            "instance_owner_id": "",
            "local_gateway_id": "",
            "nat_gateway_id": "",
            "network_interface_id": "",
            "origin": "CreateRoute",
            "route_table_id": "rtb-015207c84e3f64281",
            "state": "active",
            "timeouts": null,
            "transit_gateway_id": "",
            "vpc_endpoint_id": "",
            "vpc_peering_connection_id": ""
          },
          "sensitive_attributes": [],
          "private": "eyJlMmJmYjczMC1lY2FhLTExZTYtOGY4OC0zNDM2M2JjN2M0YzAiOnsiY3JlYXRlIjozMDAwMDAwMDAwMDAsImRlbGV0ZSI6MzAwMDAwMDAwMDAwLCJ1cGRhdGUiOjEyMDAwMDAwMDAwMH19",
          "dependencies": [
            "module.vpc.aws_internet_gateway.igw",
            "module.vpc.aws_route_table.public",
            "module.vpc.aws_vpc.main"
          ]
        }
      ]
    },
    {
      "module": "module.vpc",
      "mode": "managed",
      "type": "aws_route_table",
      "name": "public",
      "provider": "provider[\"registry.terraform.io/hashicorp/aws\"]",
      "instances": [
        {
          "schema_version": 0,
          "attributes": {
            "arn": "arn:aws:ec2:eu-west-2:992382585872:route-table/rtb-015207c84e3f64281",
            "id": "rtb-015207c84e3f64281",
            "owner_id": "992382585872",
            "propagating_vgws": [],
            "route": [
              {
                "carrier_gateway_id": "",
                "cidr_block": "0.0.0.0/0",
                "core_network_arn": "",
                "destination_prefix_list_id": "",
                "egress_only_gateway_id": "",
                "gateway_id": "igw-0bec0e22a06ca0661",
                "ipv6_cidr_block": "",
                "local_gateway_id": "",
                "nat_gateway_id": "",
                "network_interface_id": "",
                "transit_gateway_id": "",
                "vpc_endpoint_id": "",
                "vpc_peering_connection_id": ""
              }
            ],
            "tags": {
              "Name": "publicrtproject_vpc"
            },
            "tags_all": {
              "Name": "publicrtproject_vpc"
            },
            "timeouts": null,
            "vpc_id": "vpc-067a5a0ad94b43aeb"
          },
          "sensitive_attributes": [],
          "private": "eyJlMmJmYjczMC1lY2FhLTExZTYtOGY4OC0zNDM2M2JjN2M0YzAiOnsiY3JlYXRlIjozMDAwMDAwMDAwMDAsImRlbGV0ZSI6MzAwMDAwMDAwMDAwLCJ1cGRhdGUiOjEyMDAwMDAwMDAwMH19",
          "dependencies": [
            "module.vpc.aws_vpc.main"
          ]
        }
      ]
    },
    {
      "module": "module.vpc",
      "mode": "managed",
      "type": "aws_route_table_association",
      "name": "public",
      "provider": "provider[\"registry.terraform.io/hashicorp/aws\"]",
      "instances": [
        {
          "index_key": 0,
          "schema_version": 0,
          "attributes": {
            "gateway_id": "",
            "id": "rtbassoc-0c709c68f2d058bfc",
            "route_table_id": "rtb-015207c84e3f64281",
            "subnet_id": "subnet-02a0d4b2540712924",
            "timeouts": null
          },
          "sensitive_attributes": [],
          "private": "eyJlMmJmYjczMC1lY2FhLTExZTYtOGY4OC0zNDM2M2JjN2M0YzAiOnsiY3JlYXRlIjozMDAwMDAwMDAwMDAsImRlbGV0ZSI6MzAwMDAwMDAwMDAwLCJ1cGRhdGUiOjEyMDAwMDAwMDAwMH19",
          "dependencies": [
            "module.vpc.aws_route_table.public",
            "module.vpc.aws_subnet.public",
            "module.vpc.aws_vpc.main"
          ]
        },
        {
          "index_key": 1,
          "schema_version": 0,
          "attributes": {
            "gateway_id": "",
            "id": "rtbassoc-0744867c9df475c89",
            "route_table_id": "rtb-015207c84e3f64281",
            "subnet_id": "subnet-0387d23a23198cfd3",
            "timeouts": null
          },
          "sensitive_attributes": [],
          "private": "eyJlMmJmYjczMC1lY2FhLTExZTYtOGY4OC0zNDM2M2JjN2M0YzAiOnsiY3JlYXRlIjozMDAwMDAwMDAwMDAsImRlbGV0ZSI6MzAwMDAwMDAwMDAwLCJ1cGRhdGUiOjEyMDAwMDAwMDAwMH19",
          "dependencies": [
            "module.vpc.aws_route_table.public",
            "module.vpc.aws_subnet.public",
            "module.vpc.aws_vpc.main"
          ]
        },
        {
          "index_key": 2,
          "schema_version": 0,
          "attributes": {
            "gateway_id": "",
            "id": "rtbassoc-071507eba08b63176",
            "route_table_id": "rtb-015207c84e3f64281",
            "subnet_id": "subnet-036ea589872bff622",
            "timeouts": null
          },
          "sensitive_attributes": [],
          "private": "eyJlMmJmYjczMC1lY2FhLTExZTYtOGY4OC0zNDM2M2JjN2M0YzAiOnsiY3JlYXRlIjozMDAwMDAwMDAwMDAsImRlbGV0ZSI6MzAwMDAwMDAwMDAwLCJ1cGRhdGUiOjEyMDAwMDAwMDAwMH19",
          "dependencies": [
            "module.vpc.aws_route_table.public",
            "module.vpc.aws_subnet.public",
            "module.vpc.aws_vpc.main"
          ]
        }
      ]
    },
    {
      "module": "module.vpc",
      "mode": "managed",
      "type": "aws_subnet",
      "name": "private",
      "provider": "provider[\"registry.terraform.io/hashicorp/aws\"]",
      "instances": [
        {
          "index_key": 0,
          "schema_version": 1,
          "attributes": {
            "arn": "arn:aws:ec2:eu-west-2:992382585872:subnet/subnet-067342902aaeaf186",
            "assign_ipv6_address_on_creation": false,
            "availability_zone": "eu-west-2a",
            "availability_zone_id": "euw2-az2",
            "cidr_block": "10.0.8.0/24",
            "customer_owned_ipv4_pool": "",
            "enable_dns64": false,
            "enable_lni_at_device_index": 0,
            "enable_resource_name_dns_a_record_on_launch": false,
            "enable_resource_name_dns_aaaa_record_on_launch": false,
            "id": "subnet-067342902aaeaf186",
            "ipv6_cidr_block": "",
            "ipv6_cidr_block_association_id": "",
            "ipv6_native": false,
            "map_customer_owned_ip_on_launch": false,
            "map_public_ip_on_launch": false,
            "outpost_arn": "",
            "owner_id": "992382585872",
            "private_dns_hostname_type_on_launch": "ip-name",
            "tags": {
              "Name": "project_vpc-privates eu-west-2a"
            },
            "tags_all": {
              "Name": "project_vpc-privates eu-west-2a"
            },
            "timeouts": null,
            "vpc_id": "vpc-067a5a0ad94b43aeb"
          },
          "sensitive_attributes": [],
          "private": "eyJlMmJmYjczMC1lY2FhLTExZTYtOGY4OC0zNDM2M2JjN2M0YzAiOnsiY3JlYXRlIjo2MDAwMDAwMDAwMDAsImRlbGV0ZSI6MTIwMDAwMDAwMDAwMH0sInNjaGVtYV92ZXJzaW9uIjoiMSJ9",
          "dependencies": [
            "module.vpc.aws_vpc.main"
          ]
        },
        {
          "index_key": 1,
          "schema_version": 1,
          "attributes": {
            "arn": "arn:aws:ec2:eu-west-2:992382585872:subnet/subnet-04a313b18fca45f05",
            "assign_ipv6_address_on_creation": false,
            "availability_zone": "eu-west-2b",
            "availability_zone_id": "euw2-az3",
            "cidr_block": "10.0.9.0/24",
            "customer_owned_ipv4_pool": "",
            "enable_dns64": false,
            "enable_lni_at_device_index": 0,
            "enable_resource_name_dns_a_record_on_launch": false,
            "enable_resource_name_dns_aaaa_record_on_launch": false,
            "id": "subnet-04a313b18fca45f05",
            "ipv6_cidr_block": "",
            "ipv6_cidr_block_association_id": "",
            "ipv6_native": false,
            "map_customer_owned_ip_on_launch": false,
            "map_public_ip_on_launch": false,
            "outpost_arn": "",
            "owner_id": "992382585872",
            "private_dns_hostname_type_on_launch": "ip-name",
            "tags": {
              "Name": "project_vpc-privates eu-west-2b"
            },
            "tags_all": {
              "Name": "project_vpc-privates eu-west-2b"
            },
            "timeouts": null,
            "vpc_id": "vpc-067a5a0ad94b43aeb"
          },
          "sensitive_attributes": [],
          "private": "eyJlMmJmYjczMC1lY2FhLTExZTYtOGY4OC0zNDM2M2JjN2M0YzAiOnsiY3JlYXRlIjo2MDAwMDAwMDAwMDAsImRlbGV0ZSI6MTIwMDAwMDAwMDAwMH0sInNjaGVtYV92ZXJzaW9uIjoiMSJ9",
          "dependencies": [
            "module.vpc.aws_vpc.main"
          ]
        },
        {
          "index_key": 2,
          "schema_version": 1,
          "attributes": {
            "arn": "arn:aws:ec2:eu-west-2:992382585872:subnet/subnet-0b6ab070a041572b7",
            "assign_ipv6_address_on_creation": false,
            "availability_zone": "eu-west-2c",
            "availability_zone_id": "euw2-az1",
            "cidr_block": "10.0.10.0/24",
            "customer_owned_ipv4_pool": "",
            "enable_dns64": false,
            "enable_lni_at_device_index": 0,
            "enable_resource_name_dns_a_record_on_launch": false,
            "enable_resource_name_dns_aaaa_record_on_launch": false,
            "id": "subnet-0b6ab070a041572b7",
            "ipv6_cidr_block": "",
            "ipv6_cidr_block_association_id": "",
            "ipv6_native": false,
            "map_customer_owned_ip_on_launch": false,
            "map_public_ip_on_launch": false,
            "outpost_arn": "",
            "owner_id": "992382585872",
            "private_dns_hostname_type_on_launch": "ip-name",
            "tags": {
              "Name": "project_vpc-privates eu-west-2c"
            },
            "tags_all": {
              "Name": "project_vpc-privates eu-west-2c"
            },
            "timeouts": null,
            "vpc_id": "vpc-067a5a0ad94b43aeb"
          },
          "sensitive_attributes": [],
          "private": "eyJlMmJmYjczMC1lY2FhLTExZTYtOGY4OC0zNDM2M2JjN2M0YzAiOnsiY3JlYXRlIjo2MDAwMDAwMDAwMDAsImRlbGV0ZSI6MTIwMDAwMDAwMDAwMH0sInNjaGVtYV92ZXJzaW9uIjoiMSJ9",
          "dependencies": [
            "module.vpc.aws_vpc.main"
          ]
        }
      ]
    },
    {
      "module": "module.vpc",
      "mode": "managed",
      "type": "aws_subnet",
      "name": "public",
      "provider": "provider[\"registry.terraform.io/hashicorp/aws\"]",
      "instances": [
        {
          "index_key": 0,
          "schema_version": 1,
          "attributes": {
            "arn": "arn:aws:ec2:eu-west-2:992382585872:subnet/subnet-02a0d4b2540712924",
            "assign_ipv6_address_on_creation": false,
            "availability_zone": "eu-west-2a",
            "availability_zone_id": "euw2-az2",
            "cidr_block": "10.0.0.0/24",
            "customer_owned_ipv4_pool": "",
            "enable_dns64": false,
            "enable_lni_at_device_index": 0,
            "enable_resource_name_dns_a_record_on_launch": false,
            "enable_resource_name_dns_aaaa_record_on_launch": false,
            "id": "subnet-02a0d4b2540712924",
            "ipv6_cidr_block": "",
            "ipv6_cidr_block_association_id": "",
            "ipv6_native": false,
            "map_customer_owned_ip_on_launch": false,
            "map_public_ip_on_launch": false,
            "outpost_arn": "",
            "owner_id": "992382585872",
            "private_dns_hostname_type_on_launch": "ip-name",
            "tags": {
              "Name": "project_vpc-privates eu-west-2a"
            },
            "tags_all": {
              "Name": "project_vpc-privates eu-west-2a"
            },
            "timeouts": null,
            "vpc_id": "vpc-067a5a0ad94b43aeb"
          },
          "sensitive_attributes": [],
          "private": "eyJlMmJmYjczMC1lY2FhLTExZTYtOGY4OC0zNDM2M2JjN2M0YzAiOnsiY3JlYXRlIjo2MDAwMDAwMDAwMDAsImRlbGV0ZSI6MTIwMDAwMDAwMDAwMH0sInNjaGVtYV92ZXJzaW9uIjoiMSJ9",
          "dependencies": [
            "module.vpc.aws_vpc.main"
          ]
        },
        {
          "index_key": 1,
          "schema_version": 1,
          "attributes": {
            "arn": "arn:aws:ec2:eu-west-2:992382585872:subnet/subnet-0387d23a23198cfd3",
            "assign_ipv6_address_on_creation": false,
            "availability_zone": "eu-west-2b",
            "availability_zone_id": "euw2-az3",
            "cidr_block": "10.0.1.0/24",
            "customer_owned_ipv4_pool": "",
            "enable_dns64": false,
            "enable_lni_at_device_index": 0,
            "enable_resource_name_dns_a_record_on_launch": false,
            "enable_resource_name_dns_aaaa_record_on_launch": false,
            "id": "subnet-0387d23a23198cfd3",
            "ipv6_cidr_block": "",
            "ipv6_cidr_block_association_id": "",
            "ipv6_native": false,
            "map_customer_owned_ip_on_launch": false,
            "map_public_ip_on_launch": false,
            "outpost_arn": "",
            "owner_id": "992382585872",
            "private_dns_hostname_type_on_launch": "ip-name",
            "tags": {
              "Name": "project_vpc-privates eu-west-2b"
            },
            "tags_all": {
              "Name": "project_vpc-privates eu-west-2b"
            },
            "timeouts": null,
            "vpc_id": "vpc-067a5a0ad94b43aeb"
          },
          "sensitive_attributes": [],
          "private": "eyJlMmJmYjczMC1lY2FhLTExZTYtOGY4OC0zNDM2M2JjN2M0YzAiOnsiY3JlYXRlIjo2MDAwMDAwMDAwMDAsImRlbGV0ZSI6MTIwMDAwMDAwMDAwMH0sInNjaGVtYV92ZXJzaW9uIjoiMSJ9",
          "dependencies": [
            "module.vpc.aws_vpc.main"
          ]
        },
        {
          "index_key": 2,
          "schema_version": 1,
          "attributes": {
            "arn": "arn:aws:ec2:eu-west-2:992382585872:subnet/subnet-036ea589872bff622",
            "assign_ipv6_address_on_creation": false,
            "availability_zone": "eu-west-2c",
            "availability_zone_id": "euw2-az1",
            "cidr_block": "10.0.2.0/24",
            "customer_owned_ipv4_pool": "",
            "enable_dns64": false,
            "enable_lni_at_device_index": 0,
            "enable_resource_name_dns_a_record_on_launch": false,
            "enable_resource_name_dns_aaaa_record_on_launch": false,
            "id": "subnet-036ea589872bff622",
            "ipv6_cidr_block": "",
            "ipv6_cidr_block_association_id": "",
            "ipv6_native": false,
            "map_customer_owned_ip_on_launch": false,
            "map_public_ip_on_launch": false,
            "outpost_arn": "",
            "owner_id": "992382585872",
            "private_dns_hostname_type_on_launch": "ip-name",
            "tags": {
              "Name": "project_vpc-privates eu-west-2c"
            },
            "tags_all": {
              "Name": "project_vpc-privates eu-west-2c"
            },
            "timeouts": null,
            "vpc_id": "vpc-067a5a0ad94b43aeb"
          },
          "sensitive_attributes": [],
          "private": "eyJlMmJmYjczMC1lY2FhLTExZTYtOGY4OC0zNDM2M2JjN2M0YzAiOnsiY3JlYXRlIjo2MDAwMDAwMDAwMDAsImRlbGV0ZSI6MTIwMDAwMDAwMDAwMH0sInNjaGVtYV92ZXJzaW9uIjoiMSJ9",
          "dependencies": [
            "module.vpc.aws_vpc.main"
          ]
        }
      ]
    },
    {
      "module": "module.vpc",
      "mode": "managed",
      "type": "aws_vpc",
      "name": "main",
      "provider": "provider[\"registry.terraform.io/hashicorp/aws\"]",
      "instances": [
        {
          "schema_version": 1,
          "attributes": {
            "arn": "arn:aws:ec2:eu-west-2:992382585872:vpc/vpc-067a5a0ad94b43aeb",
            "assign_generated_ipv6_cidr_block": false,
            "cidr_block": "10.0.0.0/20",
            "default_network_acl_id": "acl-0c663cc4e18d21582",
            "default_route_table_id": "rtb-08be315442b2f0c77",
            "default_security_group_id": "sg-0196399513dddd7f0",
            "dhcp_options_id": "dopt-0f88eaec6650a62cb",
            "enable_dns_hostnames": true,
            "enable_dns_support": true,
            "enable_network_address_usage_metrics": false,
            "id": "vpc-067a5a0ad94b43aeb",
            "instance_tenancy": "default",
            "ipv4_ipam_pool_id": null,
            "ipv4_netmask_length": null,
            "ipv6_association_id": "",
            "ipv6_cidr_block": "",
            "ipv6_cidr_block_network_border_group": "",
            "ipv6_ipam_pool_id": "",
            "ipv6_netmask_length": 0,
            "main_route_table_id": "rtb-08be315442b2f0c77",
            "owner_id": "992382585872",
            "tags": {
              "Name": "project_vpc"
            },
            "tags_all": {
              "Name": "project_vpc"
            }
          },
          "sensitive_attributes": [],
          "private": "eyJzY2hlbWFfdmVyc2lvbiI6IjEifQ=="
        }
      ]
    }
  ],
  "check_results": null
}
